
Microsoft Visual Studio Solution File, Format Version 12.00
# Visual Studio 15
VisualStudioVersion = 15.0.27130.2036
MinimumVisualStudioVersion = 10.0.40219.1
Project("{FAE04EC0-301F-11D3-BF4B-00C04F79EFBC}") = "AuthMVC", "AuthMVC\AuthMVC.csproj", "{F047E49C-2217-4248-8BDE-DCB28F29369F}"
EndProject
Global
	GlobalSection(SolutionConfigurationPlatforms) = preSolution
		Debug|Any CPU = Debug|Any CPU
		Release|Any CPU = Release|Any CPU
	EndGlobalSection
	GlobalSection(ProjectConfigurationPlatforms) = postSolution
		{F047E49C-2217-4248-8BDE-DCB28F29369F}.Debug|Any CPU.ActiveCfg = Debug|Any CPU
		{F047E49C-2217-4248-8BDE-DCB28F29369F}.Debug|Any CPU.Build.0 = Debug|Any CPU
		{F047E49C-2217-4248-8BDE-DCB28F29369F}.Release|Any CPU.ActiveCfg = Release|Any CPU
		{F047E49C-2217-4248-8BDE-DCB28F29369F}.Release|Any CPU.Build.0 = Release|Any CPU
	EndGlobalSection
	GlobalSection(SolutionProperties) = preSolution
		HideSolutionNode = FALSE
	EndGlobalSection
	GlobalSection(ExtensibilityGlobals) = postSolution
		SolutionGuid = {0E7682F8-EA8F-4D2C-A619-54E8EDFAE131}
	EndGlobalSection
EndGlobal
